
Microsoft Visual Studio Solution File, Format Version 12.00
# Visual Studio Version 18
VisualStudioVersion = 18.6.11819.183
MinimumVisualStudioVersion = 10.0.40219.1
Project("{2150E333-8FDC-42A3-9474-1A3956D46DE8}") = "src", "src", "{827E0CD3-B72D-47B6-A68D-7590B98EB39B}"
EndProject
Project("{FAE04EC0-301F-11D3-BF4B-00C04F79EFBC}") = "CopyFinder.Core", "src\CopyFinder.Core\CopyFinder.Core.csproj", "{9BF703A9-6390-41B9-8D75-5ECD6736F4E3}"
EndProject
Project("{2150E333-8FDC-42A3-9474-1A3956D46DE8}") = "tests", "tests", "{0AB3BF05-4346-4AA6-1389-037BE0695223}"
EndProject
Project("{FAE04EC0-301F-11D3-BF4B-00C04F79EFBC}") = "CopyFinder.Core.Tests", "tests\CopyFinder.Core.Tests\CopyFinder.Core.Tests.csproj", "{916C87A1-5FD7-471A-A15C-ACDB6D5A7F3B}"
EndProject
Project("{FAE04EC0-301F-11D3-BF4B-00C04F79EFBC}") = "CopyFinder.App", "src\CopyFinder.App\CopyFinder.App.csproj", "{BA227B38-508B-4C4B-BBAD-86D945A04213}"
EndProject
Project("{FAE04EC0-301F-11D3-BF4B-00C04F79EFBC}") = "CopyFinder.App.Tests", "tests\CopyFinder.App.Tests\CopyFinder.App.Tests.csproj", "{2786C9FA-AD48-4416-83ED-BE07C3C0649A}"
EndProject
Global
	GlobalSection(SolutionConfigurationPlatforms) = preSolution
		Debug|Any CPU = Debug|Any CPU
		Debug|x64 = Debug|x64
		Debug|x86 = Debug|x86
		Release|Any CPU = Release|Any CPU
		Release|x64 = Release|x64
		Release|x86 = Release|x86
	EndGlobalSection
	GlobalSection(ProjectConfigurationPlatforms) = postSolution
		{9BF703A9-6390-41B9-8D75-5ECD6736F4E3}.Debug|Any CPU.ActiveCfg = Debug|Any CPU
		{9BF703A9-6390-41B9-8D75-5ECD6736F4E3}.Debug|Any CPU.Build.0 = Debug|Any CPU
		{9BF703A9-6390-41B9-8D75-5ECD6736F4E3}.Debug|x64.ActiveCfg = Debug|Any CPU
		{9BF703A9-6390-41B9-8D75-5ECD6736F4E3}.Debug|x64.Build.0 = Debug|Any CPU
		{9BF703A9-6390-41B9-8D75-5ECD6736F4E3}.Debug|x86.ActiveCfg = Debug|Any CPU
		{9BF703A9-6390-41B9-8D75-5ECD6736F4E3}.Debug|x86.Build.0 = Debug|Any CPU
		{9BF703A9-6390-41B9-8D75-5ECD6736F4E3}.Release|Any CPU.ActiveCfg = Release|Any CPU
		{9BF703A9-6390-41B9-8D75-5ECD6736F4E3}.Release|Any CPU.Build.0 = Release|Any CPU
		{9BF703A9-6390-41B9-8D75-5ECD6736F4E3}.Release|x64.ActiveCfg = Release|Any CPU
		{9BF703A9-6390-41B9-8D75-5ECD6736F4E3}.Release|x64.Build.0 = Release|Any CPU
		{9BF703A9-6390-41B9-8D75-5ECD6736F4E3}.Release|x86.ActiveCfg = Release|Any CPU
		{9BF703A9-6390-41B9-8D75-5ECD6736F4E3}.Release|x86.Build.0 = Release|Any CPU
		{916C87A1-5FD7-471A-A15C-ACDB6D5A7F3B}.Debug|Any CPU.ActiveCfg = Debug|Any CPU
		{916C87A1-5FD7-471A-A15C-ACDB6D5A7F3B}.Debug|Any CPU.Build.0 = Debug|Any CPU
		{916C87A1-5FD7-471A-A15C-ACDB6D5A7F3B}.Debug|x64.ActiveCfg = Debug|Any CPU
		{916C87A1-5FD7-471A-A15C-ACDB6D5A7F3B}.Debug|x64.Build.0 = Debug|Any CPU
		{916C87A1-5FD7-471A-A15C-ACDB6D5A7F3B}.Debug|x86.ActiveCfg = Debug|Any CPU
		{916C87A1-5FD7-471A-A15C-ACDB6D5A7F3B}.Debug|x86.Build.0 = Debug|Any CPU
		{916C87A1-5FD7-471A-A15C-ACDB6D5A7F3B}.Release|Any CPU.ActiveCfg = Release|Any CPU
		{916C87A1-5FD7-471A-A15C-ACDB6D5A7F3B}.Release|Any CPU.Build.0 = Release|Any CPU
		{916C87A1-5FD7-471A-A15C-ACDB6D5A7F3B}.Release|x64.ActiveCfg = Release|Any CPU
		{916C87A1-5FD7-471A-A15C-ACDB6D5A7F3B}.Release|x64.Build.0 = Release|Any CPU
		{916C87A1-5FD7-471A-A15C-ACDB6D5A7F3B}.Release|x86.ActiveCfg = Release|Any CPU
		{916C87A1-5FD7-471A-A15C-ACDB6D5A7F3B}.Release|x86.Build.0 = Release|Any CPU
		{BA227B38-508B-4C4B-BBAD-86D945A04213}.Debug|Any CPU.ActiveCfg = Debug|Any CPU
		{BA227B38-508B-4C4B-BBAD-86D945A04213}.Debug|Any CPU.Build.0 = Debug|Any CPU
		{BA227B38-508B-4C4B-BBAD-86D945A04213}.Debug|x64.ActiveCfg = Debug|Any CPU
		{BA227B38-508B-4C4B-BBAD-86D945A04213}.Debug|x64.Build.0 = Debug|Any CPU
		{BA227B38-508B-4C4B-BBAD-86D945A04213}.Debug|x86.ActiveCfg = Debug|Any CPU
		{BA227B38-508B-4C4B-BBAD-86D945A04213}.Debug|x86.Build.0 = Debug|Any CPU
		{BA227B38-508B-4C4B-BBAD-86D945A04213}.Release|Any CPU.ActiveCfg = Release|Any CPU
		{BA227B38-508B-4C4B-BBAD-86D945A04213}.Release|Any CPU.Build.0 = Release|Any CPU
		{BA227B38-508B-4C4B-BBAD-86D945A04213}.Release|x64.ActiveCfg = Release|Any CPU
		{BA227B38-508B-4C4B-BBAD-86D945A04213}.Release|x64.Build.0 = Release|Any CPU
		{BA227B38-508B-4C4B-BBAD-86D945A04213}.Release|x86.ActiveCfg = Release|Any CPU
		{BA227B38-508B-4C4B-BBAD-86D945A04213}.Release|x86.Build.0 = Release|Any CPU
		{2786C9FA-AD48-4416-83ED-BE07C3C0649A}.Debug|Any CPU.ActiveCfg = Debug|Any CPU
		{2786C9FA-AD48-4416-83ED-BE07C3C0649A}.Debug|Any CPU.Build.0 = Debug|Any CPU
		{2786C9FA-AD48-4416-83ED-BE07C3C0649A}.Debug|x64.ActiveCfg = Debug|Any CPU
		{2786C9FA-AD48-4416-83ED-BE07C3C0649A}.Debug|x64.Build.0 = Debug|Any CPU
		{2786C9FA-AD48-4416-83ED-BE07C3C0649A}.Debug|x86.ActiveCfg = Debug|Any CPU
		{2786C9FA-AD48-4416-83ED-BE07C3C0649A}.Debug|x86.Build.0 = Debug|Any CPU
		{2786C9FA-AD48-4416-83ED-BE07C3C0649A}.Release|Any CPU.ActiveCfg = Release|Any CPU
		{2786C9FA-AD48-4416-83ED-BE07C3C0649A}.Release|Any CPU.Build.0 = Release|Any CPU
		{2786C9FA-AD48-4416-83ED-BE07C3C0649A}.Release|x64.ActiveCfg = Release|Any CPU
		{2786C9FA-AD48-4416-83ED-BE07C3C0649A}.Release|x64.Build.0 = Release|Any CPU
		{2786C9FA-AD48-4416-83ED-BE07C3C0649A}.Release|x86.ActiveCfg = Release|Any CPU
		{2786C9FA-AD48-4416-83ED-BE07C3C0649A}.Release|x86.Build.0 = Release|Any CPU
	EndGlobalSection
	GlobalSection(SolutionProperties) = preSolution
		HideSolutionNode = FALSE
	EndGlobalSection
	GlobalSection(NestedProjects) = preSolution
		{9BF703A9-6390-41B9-8D75-5ECD6736F4E3} = {827E0CD3-B72D-47B6-A68D-7590B98EB39B}
		{916C87A1-5FD7-471A-A15C-ACDB6D5A7F3B} = {0AB3BF05-4346-4AA6-1389-037BE0695223}
		{BA227B38-508B-4C4B-BBAD-86D945A04213} = {827E0CD3-B72D-47B6-A68D-7590B98EB39B}
		{2786C9FA-AD48-4416-83ED-BE07C3C0649A} = {0AB3BF05-4346-4AA6-1389-037BE0695223}
	EndGlobalSection
	GlobalSection(ExtensibilityGlobals) = postSolution
		SolutionGuid = {AE70C814-A055-40BE-8353-A30A4594992E}
	EndGlobalSection
EndGlobal
